// !$*UTF8*$!
{
	archiveVersion = 1;
	classes = {
	};
	objectVersion = 55;
	objects = {

/* Begin PBXBuildFile section */
		1515BB9A27D9E55700A2A4BC /* SwiftUIApp.swift in Sources */ = {isa = PBXBuildFile; fileRef = 1515BB9927D9E55700A2A4BC /* SwiftUIApp.swift */; };
		1515BB9C27D9E55700A2A4BC /* ContentView.swift in Sources */ = {isa = PBXBuildFile; fileRef = 1515BB9B27D9E55700A2A4BC /* ContentView.swift */; };
		1515BB9E27D9E55800A2A4BC /* Assets.xcassets in Resources */ = {isa = PBXBuildFile; fileRef = 1515BB9D27D9E55800A2A4BC /* Assets.xcassets */; };
		1515BBA127D9E55800A2A4BC /* Preview Assets.xcassets in Resources */ = {isa = PBXBuildFile; fileRef = 1515BBA027D9E55800A2A4BC /* Preview Assets.xcassets */; };
		1515BBAB27D9E55800A2A4BC /* SwiftUITests.swift in Sources */ = {isa = PBXBuildFile; fileRef = 1515BBAA27D9E55800A2A4BC /* SwiftUITests.swift */; };
		1515BBB527D9E55800A2A4BC /* SwiftUIUITests.swift in Sources */ = {isa = PBXBuildFile; fileRef = 1515BBB427D9E55800A2A4BC /* SwiftUIUITests.swift */; };
		1515BBB727D9E55800A2A4BC /* SwiftUIUITestsLaunchTests.swift in Sources */ = {isa = PBXBuildFile; fileRef = 1515BBB627D9E55800A2A4BC /* SwiftUIUITestsLaunchTests.swift */; };
/* End PBXBuildFile section */

/* Begin PBXContainerItemProxy section */
		1515BBA727D9E55800A2A4BC /* PBXContainerItemProxy */ = {
			isa = PBXContainerItemProxy;
			containerPortal = 1515BB8E27D9E55700A2A4BC /* Project object */;
			proxyType = 1;
			remoteGlobalIDString = 1515BB9527D9E55700A2A4BC;
			remoteInfo = SwiftUI;
		};
		1515BBB127D9E55800A2A4BC /* PBXContainerItemProxy */ = {
			isa = PBXContainerItemProxy;
			containerPortal = 1515BB8E27D9E55700A2A4BC /* Project object */;
			proxyType = 1;
			remoteGlobalIDString = 1515BB9527D9E55700A2A4BC;
			remoteInfo = SwiftUI;
		};
/* End PBXContainerItemProxy section */

/* Begin PBXFileReference section */
		1515BB9627D9E55700A2A4BC /* FirebaseChat.app */ = {isa = PBXFileReference; explicitFileType = wrapper.application; includeInIndex = 0; path = FirebaseChat.app; sourceTree = BUILT_PRODUCTS_DIR; };
		1515BB9927D9E55700A2A4BC /* SwiftUIApp.swift */ = {isa = PBXFileReference; lastKnownFileType = sourcecode.swift; path = SwiftUIApp.swift; sourceTree = "<group>"; };
		1515BB9B27D9E55700A2A4BC /* ContentView.swift */ = {isa = PBXFileReference; lastKnownFileType = sourcecode.swift; path = ContentView.swift; sourceTree = "<group>"; };
		1515BB9D27D9E55800A2A4BC /* Assets.xcassets */ = {isa = PBXFileReference; lastKnownFileType = folder.assetcatalog; path = Assets.xcassets; sourceTree = "<group>"; };
		1515BBA027D9E55800A2A4BC /* Preview Assets.xcassets */ = {isa = PBXFileReference; lastKnownFileType = folder.assetcatalog; path = "Preview Assets.xcassets"; sourceTree = "<group>"; };
		1515BBA627D9E55800A2A4BC /* FirebaseChatTests.xctest */ = {isa = PBXFileReference; explicitFileType = wrapper.cfbundle; includeInIndex = 0; path = FirebaseChatTests.xctest; sourceTree = BUILT_PRODUCTS_DIR; };
		1515BBAA27D9E55800A2A4BC /* SwiftUITests.swift */ = {isa = PBXFileReference; lastKnownFileType = sourcecode.swift; path = SwiftUITests.swift; sourceTree = "<group>"; };
		1515BBB027D9E55800A2A4BC /* FirebaseChatUITests.xctest */ = {isa = PBXFileReference; explicitFileType = wrapper.cfbundle; includeInIndex = 0; path = FirebaseChatUITests.xctest; sourceTree = BUILT_PRODUCTS_DIR; };
		1515BBB427D9E55800A2A4BC /* SwiftUIUITests.swift */ = {isa = PBXFileReference; lastKnownFileType = sourcecode.swift; path = SwiftUIUITests.swift; sourceTree = "<group>"; };
		1515BBB627D9E55800A2A4BC /* SwiftUIUITestsLaunchTests.swift */ = {isa = PBXFileReference; lastKnownFileType = sourcecode.swift; path = SwiftUIUITestsLaunchTests.swift; sourceTree = "<group>"; };
/* End PBXFileReference section */

/* Begin PBXFrameworksBuildPhase section */
		1515BB9327D9E55700A2A4BC /* Frameworks */ = {
			isa = PBXFrameworksBuildPhase;
			buildActionMask = 2147483647;
			files = (
			);
			runOnlyForDeploymentPostprocessing = 0;
		};
		1515BBA327D9E55800A2A4BC /* Frameworks */ = {
			isa = PBXFrameworksBuildPhase;
			buildActionMask = 2147483647;
			files = (
			);
			runOnlyForDeploymentPostprocessing = 0;
		};
		1515BBAD27D9E55800A2A4BC /* Frameworks */ = {
			isa = PBXFrameworksBuildPhase;
			buildActionMask = 2147483647;
			files = (
			);
			runOnlyForDeploymentPostprocessing = 0;
		};
/* End PBXFrameworksBuildPhase section */

/* Begin PBXGroup section */
		1515BB8D27D9E55700A2A4BC = {
			isa = PBXGroup;
			children = (
				1515BB9827D9E55700A2A4BC /* SwiftUI */,
				1515BBA927D9E55800A2A4BC /* SwiftUITests */,
				1515BBB327D9E55800A2A4BC /* SwiftUIUITests */,
				1515BB9727D9E55700A2A4BC /* Products */,
			);
			sourceTree = "<group>";
		};
		1515BB9727D9E55700A2A4BC /* Products */ = {
			isa = PBXGroup;
			children = (
				1515BB9627D9E55700A2A4BC /* FirebaseChat.app */,
				1515BBA627D9E55800A2A4BC /* FirebaseChatTests.xctest */,
				1515BBB027D9E55800A2A4BC /* FirebaseChatUITests.xctest */,
			);
			name = Products;
			sourceTree = "<group>";
		};
		1515BB9827D9E55700A2A4BC /* SwiftUI */ = {
			isa = PBXGroup;
			children = (
				1515BB9927D9E55700A2A4BC /* SwiftUIApp.swift */,
				1515BB9B27D9E55700A2A4BC /* ContentView.swift */,
				1515BB9D27D9E55800A2A4BC /* Assets.xcassets */,
				1515BB9F27D9E55800A2A4BC /* Preview Content */,
			);
			path = SwiftUI;
			sourceTree = "<group>";
		};
		1515BB9F27D9E55800A2A4BC /* Preview Content */ = {
			isa = PBXGroup;
			children = (
				1515BBA027D9E55800A2A4BC /* Preview Assets.xcassets */,
			);
			path = "Preview Content";
			sourceTree = "<group>";
		};
		1515BBA927D9E55800A2A4BC /* SwiftUITests */ = {
			isa = PBXGroup;
			children = (
				1515BBAA27D9E55800A2A4BC /* SwiftUITests.swift */,
			);
			path = SwiftUITests;
			sourceTree = "<group>";
		};
		1515BBB327D9E55800A2A4BC /* SwiftUIUITests */ = {
			isa = PBXGroup;
			children = (
				1515BBB427D9E55800A2A4BC /* SwiftUIUITests.swift */,
				1515BBB627D9E55800A2A4BC /* SwiftUIUITestsLaunchTests.swift */,
			);
			path = SwiftUIUITests;
			sourceTree = "<group>";
		};
/* End PBXGroup section */

/* Begin PBXNativeTarget section */
		1515BB9527D9E55700A2A4BC /* FirebaseChat */ = {
			isa = PBXNativeTarget;
			buildConfigurationList = 1515BBBA27D9E55800A2A4BC /* Build configuration list for PBXNativeTarget "FirebaseChat" */;
			buildPhases = (
				1515BB9227D9E55700A2A4BC /* Sources */,
				1515BB9327D9E55700A2A4BC /* Frameworks */,
				1515BB9427D9E55700A2A4BC /* Resources */,
			);
			buildRules = (
			);
			dependencies = (
			);
			name = FirebaseChat;
			productName = SwiftUI;
			productReference = 1515BB9627D9E55700A2A4BC /* FirebaseChat.app */;
			productType = "com.apple.product-type.application";
		};
		1515BBA527D9E55800A2A4BC /* FirebaseChatTests */ = {
			isa = PBXNativeTarget;
			buildConfigurationList = 1515BBBD27D9E55800A2A4BC /* Build configuration list for PBXNativeTarget "FirebaseChatTests" */;
			buildPhases = (
				1515BBA227D9E55800A2A4BC /* Sources */,
				1515BBA327D9E55800A2A4BC /* Frameworks */,
				1515BBA427D9E55800A2A4BC /* Resources */,
			);
			buildRules = (
			);
			dependencies = (
				1515BBA827D9E55800A2A4BC /* PBXTargetDependency */,
			);
			name = FirebaseChatTests;
			productName = SwiftUITests;
			productReference = 1515BBA627D9E55800A2A4BC /* FirebaseChatTests.xctest */;
			productType = "com.apple.product-type.bundle.unit-test";
		};
		1515BBAF27D9E55800A2A4BC /* FirebaseChatUITests */ = {
			isa = PBXNativeTarget;
			buildConfigurationList = 1515BBC027D9E55800A2A4BC /* Build configuration list for PBXNativeTarget "FirebaseChatUITests" */;
			buildPhases = (
				1515BBAC27D9E55800A2A4BC /* Sources */,
				1515BBAD27D9E55800A2A4BC /* Frameworks */,
				1515BBAE27D9E55800A2A4BC /* Resources */,
			);
			buildRules = (
			);
			dependencies = (
				1515BBB227D9E55800A2A4BC /* PBXTargetDependency */,
			);
			name = FirebaseChatUITests;
			productName = SwiftUIUITests;
			productReference = 1515BBB027D9E55800A2A4BC /* FirebaseChatUITests.xctest */;
			productType = "com.apple.product-type.bundle.ui-testing";
		};
/* End PBXNativeTarget section */

/* Begin PBXProject section */
		1515BB8E27D9E55700A2A4BC /* Project object */ = {
			isa = PBXProject;
			attributes = {
				BuildIndependentTargetsInParallel = 1;
				LastSwiftUpdateCheck = 1320;
				LastUpgradeCheck = 1320;
				TargetAttributes = {
					1515BB9527D9E55700A2A4BC = {
						CreatedOnToolsVersion = 13.2.1;
					};
					1515BBA527D9E55800A2A4BC = {
						CreatedOnToolsVersion = 13.2.1;
						TestTargetID = 1515BB9527D9E55700A2A4BC;
					};
					1515BBAF27D9E55800A2A4BC = {
						CreatedOnToolsVersion = 13.2.1;
						TestTargetID = 1515BB9527D9E55700A2A4BC;
					};
				};
			};
			buildConfigurationList = 1515BB9127D9E55700A2A4BC /* Build configuration list for PBXProject "FirebaseChat" */;
			compatibilityVersion = "Xcode 13.0";
			developmentRegion = en;
			hasScannedForEncodings = 0;
			knownRegions = (
				en,
				Base,
			);
			mainGroup = 1515BB8D27D9E55700A2A4BC;
			productRefGroup = 1515BB9727D9E55700A2A4BC /* Products */;
			projectDirPath = "";
			projectRoot = "";
			targets = (
				1515BB9527D9E55700A2A4BC /* FirebaseChat */,
				1515BBA527D9E55800A2A4BC /* FirebaseChatTests */,
				1515BBAF27D9E55800A2A4BC /* FirebaseChatUITests */,
			);
		};
/* End PBXProject section */

/* Begin PBXResourcesBuildPhase section */
		1515BB9427D9E55700A2A4BC /* Resources */ = {
			isa = PBXResourcesBuildPhase;
			buildActionMask = 2147483647;
			files = (
				1515BBA127D9E55800A2A4BC /* Preview Assets.xcassets in Resources */,
				1515BB9E27D9E55800A2A4BC /* Assets.xcassets in Resources */,
			);
			runOnlyForDeploymentPostprocessing = 0;
		};
		1515BBA427D9E55800A2A4BC /* Resources */ = {
			isa = PBXResourcesBuildPhase;
			buildActionMask = 2147483647;
			files = (
			);
			runOnlyForDeploymentPostprocessing = 0;
		};
		1515BBAE27D9E55800A2A4BC /* Resources */ = {
			isa = PBXResourcesBuildPhase;
			buildActionMask = 2147483647;
			files = (
			);
			runOnlyForDeploymentPostprocessing = 0;
		};
/* End PBXResourcesBuildPhase section */

/* Begin PBXSourcesBuildPhase section */
		1515BB9227D9E55700A2A4BC /* Sources */ = {
			isa = PBXSourcesBuildPhase;
			buildActionMask = 2147483647;
			files = (
				1515BB9C27D9E55700A2A4BC /* ContentView.swift in Sources */,
				1515BB9A27D9E55700A2A4BC /* SwiftUIApp.swift in Sources */,
			);
			runOnlyForDeploymentPostprocessing = 0;
		};
		1515BBA227D9E55800A2A4BC /* Sources */ = {
			isa = PBXSourcesBuildPhase;
			buildActionMask = 2147483647;
			files = (
				1515BBAB27D9E55800A2A4BC /* SwiftUITests.swift in Sources */,
			);
			runOnlyForDeploymentPostprocessing = 0;
		};
		1515BBAC27D9E55800A2A4BC /* Sources */ = {
			isa = PBXSourcesBuildPhase;
			buildActionMask = 2147483647;
			files = (
				1515BBB727D9E55800A2A4BC /* SwiftUIUITestsLaunchTests.swift in Sources */,
				1515BBB527D9E55800A2A4BC /* SwiftUIUITests.swift in Sources */,
			);
			runOnlyForDeploymentPostprocessing = 0;
		};
/* End PBXSourcesBuildPhase section */

/* Begin PBXTargetDependency section */
		1515BBA827D9E55800A2A4BC /* PBXTargetDependency */ = {
			isa = PBXTargetDependency;
			target = 1515BB9527D9E55700A2A4BC /* FirebaseChat */;
			targetProxy = 1515BBA727D9E55800A2A4BC /* PBXContainerItemProxy */;
		};
		1515BBB227D9E55800A2A4BC /* PBXTargetDependency */ = {
			isa = PBXTargetDependency;
			target = 1515BB9527D9E55700A2A4BC /* FirebaseChat */;
			targetProxy = 1515BBB127D9E55800A2A4BC /* PBXContainerItemProxy */;
		};
/* End PBXTargetDependency section */

/* Begin XCBuildConfiguration section */
		1515BBB827D9E55800A2A4BC /* Debug */ = {
			isa = XCBuildConfiguration;
			buildSettings = {
				ALWAYS_SEARCH_USER_PATHS = NO;
				CLANG_ANALYZER_NONNULL = YES;
				CLANG_ANALYZER_NUMBER_OBJECT_CONVERSION = YES_AGGRESSIVE;
				CLANG_CXX_LANGUAGE_STANDARD = "gnu++17";
				CLANG_CXX_LIBRARY = "libc++";
				CLANG_ENABLE_MODULES = YES;
				CLANG_ENABLE_OBJC_ARC = YES;
				CLANG_ENABLE_OBJC_WEAK = YES;
				CLANG_WARN_BLOCK_CAPTURE_AUTORELEASING = YES;
				CLANG_WARN_BOOL_CONVERSION = YES;
				CLANG_WARN_COMMA = YES;
				CLANG_WARN_CONSTANT_CONVERSION = YES;
				CLANG_WARN_DEPRECATED_OBJC_IMPLEMENTATIONS = YES;
				CLANG_WARN_DIRECT_OBJC_ISA_USAGE = YES_ERROR;
				CLANG_WARN_DOCUMENTATION_COMMENTS = YES;
				CLANG_WARN_EMPTY_BODY = YES;
				CLANG_WARN_ENUM_CONVERSION = YES;
				CLANG_WARN_INFINITE_RECURSION = YES;
				CLANG_WARN_INT_CONVERSION = YES;
				CLANG_WARN_NON_LITERAL_NULL_CONVERSION = YES;
				CLANG_WARN_OBJC_IMPLICIT_RETAIN_SELF = YES;
				CLANG_WARN_OBJC_LITERAL_CONVERSION = YES;
				CLANG_WARN_OBJC_ROOT_CLASS = YES_ERROR;
				CLANG_WARN_QUOTED_INCLUDE_IN_FRAMEWORK_HEADER = YES;
				CLANG_WARN_RANGE_LOOP_ANALYSIS = YES;
				CLANG_WARN_STRICT_PROTOTYPES = YES;
				CLANG_WARN_SUSPICIOUS_MOVE = YES;
				CLANG_WARN_UNGUARDED_AVAILABILITY = YES_AGGRESSIVE;
				CLANG_WARN_UNREACHABLE_CODE = YES;
				CLANG_WARN__DUPLICATE_METHOD_MATCH = YES;
				COPY_PHASE_STRIP = NO;
				DEBUG_INFORMATION_FORMAT = dwarf;
				ENABLE_STRICT_OBJC_MSGSEND = YES;
				ENABLE_TESTABILITY = YES;
				GCC_C_LANGUAGE_STANDARD = gnu11;
				GCC_DYNAMIC_NO_PIC = NO;
				GCC_NO_COMMON_BLOCKS = YES;
				GCC_OPTIMIZATION_LEVEL = 0;
				GCC_PREPROCESSOR_DEFINITIONS = (
					"DEBUG=1",
					"$(inherited)",
				);
				GCC_WARN_64_TO_32_BIT_CONVERSION = YES;
				GCC_WARN_ABOUT_RETURN_TYPE = YES_ERROR;
				GCC_WARN_UNDECLARED_SELECTOR = YES;
				GCC_WARN_UNINITIALIZED_AUTOS = YES_AGGRESSIVE;
				GCC_WARN_UNUSED_FUNCTION = YES;
				GCC_WARN_UNUSED_VARIABLE = YES;
				IPHONEOS_DEPLOYMENT_TARGET = 15.2;
				MTL_ENABLE_DEBUG_INFO = INCLUDE_SOURCE;
				MTL_FAST_MATH = YES;
				ONLY_ACTIVE_ARCH = YES;
				SDKROOT = iphoneos;
				SWIFT_ACTIVE_COMPILATION_CONDITIONS = DEBUG;
				SWIFT_OPTIMIZATION_LEVEL = "-Onone";
			};
			name = Debug;
		};
		1515BBB927D9E55800A2A4BC /* Release */ = {
			isa = XCBuildConfiguration;
			buildSettings = {
				ALWAYS_SEARCH_USER_PATHS = NO;
				CLANG_ANALYZER_NONNULL = YES;
				CLANG_ANALYZER_NUMBER_OBJECT_CONVERSION = YES_AGGRESSIVE;
				CLANG_CXX_LANGUAGE_STANDARD = "gnu++17";
				CLANG_CXX_LIBRARY = "libc++";
				CLANG_ENABLE_MODULES = YES;
				CLANG_ENABLE_OBJC_ARC = YES;
				CLANG_ENABLE_OBJC_WEAK = YES;
				CLANG_WARN_BLOCK_CAPTURE_AUTORELEASING = YES;
				CLANG_WARN_BOOL_CONVERSION = YES;
				CLANG_WARN_COMMA = YES;
				CLANG_WARN_CONSTANT_CONVERSION = YES;
				CLANG_WARN_DEPRECATED_OBJC_IMPLEMENTATIONS = YES;
				CLANG_WARN_DIRECT_OBJC_ISA_USAGE = YES_ERROR;
				CLANG_WARN_DOCUMENTATION_COMMENTS = YES;
				CLANG_WARN_EMPTY_BODY = YES;
				CLANG_WARN_ENUM_CONVERSION = YES;
				CLANG_WARN_INFINITE_RECURSION = YES;
				CLANG_WARN_INT_CONVERSION = YES;
				CLANG_WARN_NON_LITERAL_NULL_CONVERSION = YES;
				CLANG_WARN_OBJC_IMPLICIT_RETAIN_SELF = YES;
				CLANG_WARN_OBJC_LITERAL_CONVERSION = YES;
				CLANG_WARN_OBJC_ROOT_CLASS = YES_ERROR;
				CLANG_WARN_QUOTED_INCLUDE_IN_FRAMEWORK_HEADER = YES;
				CLANG_WARN_RANGE_LOOP_ANALYSIS = YES;
				CLANG_WARN_STRICT_PROTOTYPES = YES;
				CLANG_WARN_SUSPICIOUS_MOVE = YES;
				CLANG_WARN_UNGUARDED_AVAILABILITY = YES_AGGRESSIVE;
				CLANG_WARN_UNREACHABLE_CODE = YES;
				CLANG_WARN__DUPLICATE_METHOD_MATCH = YES;
				COPY_PHASE_STRIP = NO;
				DEBUG_INFORMATION_FORMAT = "dwarf-with-dsym";
				ENABLE_NS_ASSERTIONS = NO;
				ENABLE_STRICT_OBJC_MSGSEND = YES;
				GCC_C_LANGUAGE_STANDARD = gnu11;
				GCC_NO_COMMON_BLOCKS = YES;
				GCC_WARN_64_TO_32_BIT_CONVERSION = YES;
				GCC_WARN_ABOUT_RETURN_TYPE = YES_ERROR;
				GCC_WARN_UNDECLARED_SELECTOR = YES;
				GCC_WARN_UNINITIALIZED_AUTOS = YES_AGGRESSIVE;
				GCC_WARN_UNUSED_FUNCTION = YES;
				GCC_WARN_UNUSED_VARIABLE = YES;
				IPHONEOS_DEPLOYMENT_TARGET = 15.2;
				MTL_ENABLE_DEBUG_INFO = NO;
				MTL_FAST_MATH = YES;
				SDKROOT = iphoneos;
				SWIFT_COMPILATION_MODE = wholemodule;
				SWIFT_OPTIMIZATION_LEVEL = "-O";
				VALIDATE_PRODUCT = YES;
			};
			name = Release;
		};
		1515BBBB27D9E55800A2A4BC /* Debug */ = {
			isa = XCBuildConfiguration;
			buildSettings = {
				ASSETCATALOG_COMPILER_APPICON_NAME = AppIcon;
				ASSETCATALOG_COMPILER_GLOBAL_ACCENT_COLOR_NAME = AccentColor;
				CODE_SIGN_STYLE = Automatic;
				CURRENT_PROJECT_VERSION = 1;
				DEVELOPMENT_ASSET_PATHS = "\"SwiftUI/Preview Content\"";
				DEVELOPMENT_TEAM = BPA8S5U523;
				ENABLE_PREVIEWS = YES;
				GENERATE_INFOPLIST_FILE = YES;
				INFOPLIST_KEY_UIApplicationSceneManifest_Generation = YES;
				INFOPLIST_KEY_UIApplicationSupportsIndirectInputEvents = YES;
				INFOPLIST_KEY_UILaunchScreen_Generation = YES;
				INFOPLIST_KEY_UISupportedInterfaceOrientations_iPad = "UIInterfaceOrientationPortrait UIInterfaceOrientationPortraitUpsideDown UIInterfaceOrientationLandscapeLeft UIInterfaceOrientationLandscapeRight";
				INFOPLIST_KEY_UISupportedInterfaceOrientations_iPhone = "UIInterfaceOrientationPortrait UIInterfaceOrientationLandscapeLeft UIInterfaceOrientationLandscapeRight";
				LD_RUNPATH_SEARCH_PATHS = (
					"$(inherited)",
					"@executable_path/Frameworks",
				);
				MARKETING_VERSION = 1.0;
				PRODUCT_BUNDLE_IDENTIFIER = com.codewithprocw.FirebaseChat;
				PRODUCT_NAME = FirebaseChat;
				SWIFT_EMIT_LOC_STRINGS = YES;
				SWIFT_VERSION = 5.0;
				TARGETED_DEVICE_FAMILY = "1,2";
			};
			name = Debug;
		};
		1515BBBC27D9E55800A2A4BC /* Release */ = {
			isa = XCBuildConfiguration;
			buildSettings = {
				ASSETCATALOG_COMPILER_APPICON_NAME = AppIcon;
				ASSETCATALOG_COMPILER_GLOBAL_ACCENT_COLOR_NAME = AccentColor;
				CODE_SIGN_STYLE = Automatic;
				CURRENT_PROJECT_VERSION = 1;
				DEVELOPMENT_ASSET_PATHS = "\"SwiftUI/Preview Content\"";
				DEVELOPMENT_TEAM = BPA8S5U523;
				ENABLE_PREVIEWS = YES;
				GENERATE_INFOPLIST_FILE = YES;
				INFOPLIST_KEY_UIApplicationSceneManifest_Generation = YES;
				INFOPLIST_KEY_UIApplicationSupportsIndirectInputEvents = YES;
				INFOPLIST_KEY_UILaunchScreen_Generation = YES;
				INFOPLIST_KEY_UISupportedInterfaceOrientations_iPad = "UIInterfaceOrientationPortrait UIInterfaceOrientationPortraitUpsideDown UIInterfaceOrientationLandscapeLeft UIInterfaceOrientationLandscapeRight";
				INFOPLIST_KEY_UISupportedInterfaceOrientations_iPhone = "UIInterfaceOrientationPortrait UIInterfaceOrientationLandscapeLeft UIInterfaceOrientationLandscapeRight";
				LD_RUNPATH_SEARCH_PATHS = (
					"$(inherited)",
					"@executable_path/Frameworks",
				);
				MARKETING_VERSION = 1.0;
				PRODUCT_BUNDLE_IDENTIFIER = com.codewithprocw.FirebaseChat;
				PRODUCT_NAME = FirebaseChat;
				SWIFT_EMIT_LOC_STRINGS = YES;
				SWIFT_VERSION = 5.0;
				TARGETED_DEVICE_FAMILY = "1,2";
			};
			name = Release;
		};
		1515BBBE27D9E55800A2A4BC /* Debug */ = {
			isa = XCBuildConfiguration;
			buildSettings = {
				ALWAYS_EMBED_SWIFT_STANDARD_LIBRARIES = YES;
				BUNDLE_LOADER = "$(TEST_HOST)";
				CODE_SIGN_STYLE = Automatic;
				CURRENT_PROJECT_VERSION = 1;
				DEVELOPMENT_TEAM = BPA8S5U523;
				GENERATE_INFOPLIST_FILE = YES;
				IPHONEOS_DEPLOYMENT_TARGET = 15.2;
				MARKETING_VERSION = 1.0;
				PRODUCT_BUNDLE_IDENTIFIER = com.codewithprocw.SwiftUITests;
				PRODUCT_NAME = "$(TARGET_NAME)";
				SWIFT_EMIT_LOC_STRINGS = NO;
				SWIFT_VERSION = 5.0;
				TARGETED_DEVICE_FAMILY = "1,2";
				TEST_HOST = "$(BUILT_PRODUCTS_DIR)/FirebaseChat.app/FirebaseChat";
			};
			name = Debug;
		};
		1515BBBF27D9E55800A2A4BC /* Release */ = {
			isa = XCBuildConfiguration;
			buildSettings = {
				ALWAYS_EMBED_SWIFT_STANDARD_LIBRARIES = YES;
				BUNDLE_LOADER = "$(TEST_HOST)";
				CODE_SIGN_STYLE = Automatic;
				CURRENT_PROJECT_VERSION = 1;
				DEVELOPMENT_TEAM = BPA8S5U523;
				GENERATE_INFOPLIST_FILE = YES;
				IPHONEOS_DEPLOYMENT_TARGET = 15.2;
				MARKETING_VERSION = 1.0;
				PRODUCT_BUNDLE_IDENTIFIER = com.codewithprocw.SwiftUITests;
				PRODUCT_NAME = "$(TARGET_NAME)";
				SWIFT_EMIT_LOC_STRINGS = NO;
				SWIFT_VERSION = 5.0;
				TARGETED_DEVICE_FAMILY = "1,2";
				TEST_HOST = "$(BUILT_PRODUCTS_DIR)/FirebaseChat.app/FirebaseChat";
			};
			name = Release;
		};
		1515BBC127D9E55800A2A4BC /* Debug */ = {
			isa = XCBuildConfiguration;
			buildSettings = {
				ALWAYS_EMBED_SWIFT_STANDARD_LIBRARIES = YES;
				CODE_SIGN_STYLE = Automatic;
				CURRENT_PROJECT_VERSION = 1;
				DEVELOPMENT_TEAM = BPA8S5U523;
				GENERATE_INFOPLIST_FILE = YES;
				MARKETING_VERSION = 1.0;
				PRODUCT_BUNDLE_IDENTIFIER = com.codewithprocw.SwiftUIUITests;
				PRODUCT_NAME = "$(TARGET_NAME)";
				SWIFT_EMIT_LOC_STRINGS = NO;
				SWIFT_VERSION = 5.0;
				TARGETED_DEVICE_FAMILY = "1,2";
				TEST_TARGET_NAME = SwiftUI;
			};
			name = Debug;
		};
		1515BBC227D9E55800A2A4BC /* Release */ = {
			isa = XCBuildConfiguration;
			buildSettings = {
				ALWAYS_EMBED_SWIFT_STANDARD_LIBRARIES = YES;
				CODE_SIGN_STYLE = Automatic;
				CURRENT_PROJECT_VERSION = 1;
				DEVELOPMENT_TEAM = BPA8S5U523;
				GENERATE_INFOPLIST_FILE = YES;
				MARKETING_VERSION = 1.0;
				PRODUCT_BUNDLE_IDENTIFIER = com.codewithprocw.SwiftUIUITests;
				PRODUCT_NAME = "$(TARGET_NAME)";
				SWIFT_EMIT_LOC_STRINGS = NO;
				SWIFT_VERSION = 5.0;
				TARGETED_DEVICE_FAMILY = "1,2";
				TEST_TARGET_NAME = SwiftUI;
			};
			name = Release;
		};
/* End XCBuildConfiguration section */

/* Begin XCConfigurationList section */
		1515BB9127D9E55700A2A4BC /* Build configuration list for PBXProject "FirebaseChat" */ = {
			isa = XCConfigurationList;
			buildConfigurations = (
				1515BBB827D9E55800A2A4BC /* Debug */,
				1515BBB927D9E55800A2A4BC /* Release */,
			);
			defaultConfigurationIsVisible = 0;
			defaultConfigurationName = Release;
		};
		1515BBBA27D9E55800A2A4BC /* Build configuration list for PBXNativeTarget "FirebaseChat" */ = {
			isa = XCConfigurationList;
			buildConfigurations = (
				1515BBBB27D9E55800A2A4BC /* Debug */,
				1515BBBC27D9E55800A2A4BC /* Release */,
			);
			defaultConfigurationIsVisible = 0;
			defaultConfigurationName = Release;
		};
		1515BBBD27D9E55800A2A4BC /* Build configuration list for PBXNativeTarget "FirebaseChatTests" */ = {
			isa = XCConfigurationList;
			buildConfigurations = (
				1515BBBE27D9E55800A2A4BC /* Debug */,
				1515BBBF27D9E55800A2A4BC /* Release */,
			);
			defaultConfigurationIsVisible = 0;
			defaultConfigurationName = Release;
		};
		1515BBC027D9E55800A2A4BC /* Build configuration list for PBXNativeTarget "FirebaseChatUITests" */ = {
			isa = XCConfigurationList;
			buildConfigurations = (
				1515BBC127D9E55800A2A4BC /* Debug */,
				1515BBC227D9E55800A2A4BC /* Release */,
			);
			defaultConfigurationIsVisible = 0;
			defaultConfigurationName = Release;
		};
/* End XCConfigurationList section */
	};
	rootObject = 1515BB8E27D9E55700A2A4BC /* Project object */;
}
